{
  "name": "lycaon-scan-fixture",
  "lockfileVersion": 2,
  "packages": {
    "": {
      "name": "lycaon-scan-fixture",
      "version": "1.0.0"
    },
    "node_modules/lodash": {
      "version": "4.17.4",
      "resolved": "https://registry.npmjs.org/lodash/-/lodash-4.17.4.tgz",
      "integrity": "sha512-fm4eo5Wc0i0CjMixtRF1s2UXBn0Yjs4DCnfgashekXZ0VSpI0Ym9LWN0j4M7yhXnPs9s+1W1AEcl1XmJsfgHpA=="
    }
  }
}
